// !$*UTF8*$!
{
	archiveVersion = 1;
	classes = {
	};
	objectVersion = 48;
	objects = {

/* Begin PBXBuildFile section */
		D9D85A4E2069E52000F65246 /* AppDelegate.swift in Sources */ = {isa = PBXBuildFile; fileRef = D9D85A4D2069E52000F65246 /* AppDelegate.swift */; };
		D9D85A502069E52000F65246 /* ViewController.swift in Sources */ = {isa = PBXBuildFile; fileRef = D9D85A4F2069E52000F65246 /* ViewController.swift */; };
		D9D85A532069E52000F65246 /* Main.storyboard in Resources */ = {isa = PBXBuildFile; fileRef = D9D85A512069E52000F65246 /* Main.storyboard */; };
		D9D85A552069E52000F65246 /* Assets.xcassets in Resources */ = {isa = PBXBuildFile; fileRef = D9D85A542069E52000F65246 /* Assets.xcassets */; };
		D9D85A582069E52000F65246 /* LaunchScreen.storyboard in Resources */ = {isa = PBXBuildFile; fileRef = D9D85A562069E52000F65246 /* LaunchScreen.storyboard */; };
		D9D85A632069E52000F65246 /* ChoiceLoveTests.swift in Sources */ = {isa = PBXBuildFile; fileRef = D9D85A622069E52000F65246 /* ChoiceLoveTests.swift */; };
		D9D85A6E2069E52000F65246 /* ChoiceLoveUITests.swift in Sources */ = {isa = PBXBuildFile; fileRef = D9D85A6D2069E52000F65246 /* ChoiceLoveUITests.swift */; };
		D9D85A7E2069E6F800F65246 /* ChoiceViewController.swift in Sources */ = {isa = PBXBuildFile; fileRef = D9D85A7D2069E6F800F65246 /* ChoiceViewController.swift */; };
/* End PBXBuildFile section */

/* Begin PBXContainerItemProxy section */
		D9D85A5F2069E52000F65246 /* PBXContainerItemProxy */ = {
			isa = PBXContainerItemProxy;
			containerPortal = D9D85A422069E52000F65246 /* Project object */;
			proxyType = 1;
			remoteGlobalIDString = D9D85A492069E52000F65246;
			remoteInfo = ChoiceLove;
		};
		D9D85A6A2069E52000F65246 /* PBXContainerItemProxy */ = {
			isa = PBXContainerItemProxy;
			containerPortal = D9D85A422069E52000F65246 /* Project object */;
			proxyType = 1;
			remoteGlobalIDString = D9D85A492069E52000F65246;
			remoteInfo = ChoiceLove;
		};
/* End PBXContainerItemProxy section */

/* Begin PBXFileReference section */
		D9D85A4A2069E52000F65246 /* ChoiceLove.app */ = {isa = PBXFileReference; explicitFileType = wrapper.application; includeInIndex = 0; path = ChoiceLove.app; sourceTree = BUILT_PRODUCTS_DIR; };
		D9D85A4D2069E52000F65246 /* AppDelegate.swift */ = {isa = PBXFileReference; lastKnownFileType = sourcecode.swift; path = AppDelegate.swift; sourceTree = "<group>"; };
		D9D85A4F2069E52000F65246 /* ViewController.swift */ = {isa = PBXFileReference; lastKnownFileType = sourcecode.swift; path = ViewController.swift; sourceTree = "<group>"; };
		D9D85A522069E52000F65246 /* Base */ = {isa = PBXFileReference; lastKnownFileType = file.storyboard; name = Base; path = Base.lproj/Main.storyboard; sourceTree = "<group>"; };
		D9D85A542069E52000F65246 /* Assets.xcassets */ = {isa = PBXFileReference; lastKnownFileType = folder.assetcatalog; path = Assets.xcassets; sourceTree = "<group>"; };
		D9D85A572069E52000F65246 /* Base */ = {isa = PBXFileReference; lastKnownFileType = file.storyboard; name = Base; path = Base.lproj/LaunchScreen.storyboard; sourceTree = "<group>"; };
		D9D85A592069E52000F65246 /* Info.plist */ = {isa = PBXFileReference; lastKnownFileType = text.plist.xml; path = Info.plist; sourceTree = "<group>"; };
		D9D85A5E2069E52000F65246 /* ChoiceLoveTests.xctest */ = {isa = PBXFileReference; explicitFileType = wrapper.cfbundle; includeInIndex = 0; path = ChoiceLoveTests.xctest; sourceTree = BUILT_PRODUCTS_DIR; };
		D9D85A622069E52000F65246 /* ChoiceLoveTests.swift */ = {isa = PBXFileReference; lastKnownFileType = sourcecode.swift; path = ChoiceLoveTests.swift; sourceTree = "<group>"; };
		D9D85A642069E52000F65246 /* Info.plist */ = {isa = PBXFileReference; lastKnownFileType = text.plist.xml; path = Info.plist; sourceTree = "<group>"; };
		D9D85A692069E52000F65246 /* ChoiceLoveUITests.xctest */ = {isa = PBXFileReference; explicitFileType = wrapper.cfbundle; includeInIndex = 0; path = ChoiceLoveUITests.xctest; sourceTree = BUILT_PRODUCTS_DIR; };
		D9D85A6D2069E52000F65246 /* ChoiceLoveUITests.swift */ = {isa = PBXFileReference; lastKnownFileType = sourcecode.swift; path = ChoiceLoveUITests.swift; sourceTree = "<group>"; };
		D9D85A6F2069E52000F65246 /* Info.plist */ = {isa = PBXFileReference; lastKnownFileType = text.plist.xml; path = Info.plist; sourceTree = "<group>"; };
		D9D85A7D2069E6F800F65246 /* ChoiceViewController.swift */ = {isa = PBXFileReference; lastKnownFileType = sourcecode.swift; path = ChoiceViewController.swift; sourceTree = "<group>"; };
/* End PBXFileReference section */

/* Begin PBXFrameworksBuildPhase section */
		D9D85A472069E52000F65246 /* Frameworks */ = {
			isa = PBXFrameworksBuildPhase;
			buildActionMask = 2147483647;
			files = (
			);
			runOnlyForDeploymentPostprocessing = 0;
		};
		D9D85A5B2069E52000F65246 /* Frameworks */ = {
			isa = PBXFrameworksBuildPhase;
			buildActionMask = 2147483647;
			files = (
			);
			runOnlyForDeploymentPostprocessing = 0;
		};
		D9D85A662069E52000F65246 /* Frameworks */ = {
			isa = PBXFrameworksBuildPhase;
			buildActionMask = 2147483647;
			files = (
			);
			runOnlyForDeploymentPostprocessing = 0;
		};
/* End PBXFrameworksBuildPhase section */

/* Begin PBXGroup section */
		D9D85A412069E52000F65246 = {
			isa = PBXGroup;
			children = (
				D9D85A4C2069E52000F65246 /* ChoiceLove */,
				D9D85A612069E52000F65246 /* ChoiceLoveTests */,
				D9D85A6C2069E52000F65246 /* ChoiceLoveUITests */,
				D9D85A4B2069E52000F65246 /* Products */,
			);
			sourceTree = "<group>";
		};
		D9D85A4B2069E52000F65246 /* Products */ = {
			isa = PBXGroup;
			children = (
				D9D85A4A2069E52000F65246 /* ChoiceLove.app */,
				D9D85A5E2069E52000F65246 /* ChoiceLoveTests.xctest */,
				D9D85A692069E52000F65246 /* ChoiceLoveUITests.xctest */,
			);
			name = Products;
			sourceTree = "<group>";
		};
		D9D85A4C2069E52000F65246 /* ChoiceLove */ = {
			isa = PBXGroup;
			children = (
				D9D85A4D2069E52000F65246 /* AppDelegate.swift */,
				D9D85A4F2069E52000F65246 /* ViewController.swift */,
				D9D85A512069E52000F65246 /* Main.storyboard */,
				D9D85A542069E52000F65246 /* Assets.xcassets */,
				D9D85A562069E52000F65246 /* LaunchScreen.storyboard */,
				D9D85A592069E52000F65246 /* Info.plist */,
				D9D85A7D2069E6F800F65246 /* ChoiceViewController.swift */,
			);
			path = ChoiceLove;
			sourceTree = "<group>";
		};
		D9D85A612069E52000F65246 /* ChoiceLoveTests */ = {
			isa = PBXGroup;
			children = (
				D9D85A622069E52000F65246 /* ChoiceLoveTests.swift */,
				D9D85A642069E52000F65246 /* Info.plist */,
			);
			path = ChoiceLoveTests;
			sourceTree = "<group>";
		};
		D9D85A6C2069E52000F65246 /* ChoiceLoveUITests */ = {
			isa = PBXGroup;
			children = (
				D9D85A6D2069E52000F65246 /* ChoiceLoveUITests.swift */,
				D9D85A6F2069E52000F65246 /* Info.plist */,
			);
			path = ChoiceLoveUITests;
			sourceTree = "<group>";
		};
/* End PBXGroup section */

/* Begin PBXNativeTarget section */
		D9D85A492069E52000F65246 /* ChoiceLove */ = {
			isa = PBXNativeTarget;
			buildConfigurationList = D9D85A722069E52000F65246 /* Build configuration list for PBXNativeTarget "ChoiceLove" */;
			buildPhases = (
				D9D85A462069E52000F65246 /* Sources */,
				D9D85A472069E52000F65246 /* Frameworks */,
				D9D85A482069E52000F65246 /* Resources */,
			);
			buildRules = (
			);
			dependencies = (
			);
			name = ChoiceLove;
			productName = ChoiceLove;
			productReference = D9D85A4A2069E52000F65246 /* ChoiceLove.app */;
			productType = "com.apple.product-type.application";
		};
		D9D85A5D2069E52000F65246 /* ChoiceLoveTests */ = {
			isa = PBXNativeTarget;
			buildConfigurationList = D9D85A752069E52000F65246 /* Build configuration list for PBXNativeTarget "ChoiceLoveTests" */;
			buildPhases = (
				D9D85A5A2069E52000F65246 /* Sources */,
				D9D85A5B2069E52000F65246 /* Frameworks */,
				D9D85A5C2069E52000F65246 /* Resources */,
			);
			buildRules = (
			);
			dependencies = (
				D9D85A602069E52000F65246 /* PBXTargetDependency */,
			);
			name = ChoiceLoveTests;
			productName = ChoiceLoveTests;
			productReference = D9D85A5E2069E52000F65246 /* ChoiceLoveTests.xctest */;
			productType = "com.apple.product-type.bundle.unit-test";
		};
		D9D85A682069E52000F65246 /* ChoiceLoveUITests */ = {
			isa = PBXNativeTarget;
			buildConfigurationList = D9D85A782069E52000F65246 /* Build configuration list for PBXNativeTarget "ChoiceLoveUITests" */;
			buildPhases = (
				D9D85A652069E52000F65246 /* Sources */,
				D9D85A662069E52000F65246 /* Frameworks */,
				D9D85A672069E52000F65246 /* Resources */,
			);
			buildRules = (
			);
			dependencies = (
				D9D85A6B2069E52000F65246 /* PBXTargetDependency */,
			);
			name = ChoiceLoveUITests;
			productName = ChoiceLoveUITests;
			productReference = D9D85A692069E52000F65246 /* ChoiceLoveUITests.xctest */;
			productType = "com.apple.product-type.bundle.ui-testing";
		};
/* End PBXNativeTarget section */

/* Begin PBXProject section */
		D9D85A422069E52000F65246 /* Project object */ = {
			isa = PBXProject;
			attributes = {
				LastSwiftUpdateCheck = 0920;
				LastUpgradeCheck = 0920;
				ORGANIZATIONNAME = calvin.chang;
				TargetAttributes = {
					D9D85A492069E52000F65246 = {
						CreatedOnToolsVersion = 9.2;
						ProvisioningStyle = Automatic;
					};
					D9D85A5D2069E52000F65246 = {
						CreatedOnToolsVersion = 9.2;
						ProvisioningStyle = Automatic;
						TestTargetID = D9D85A492069E52000F65246;
					};
					D9D85A682069E52000F65246 = {
						CreatedOnToolsVersion = 9.2;
						ProvisioningStyle = Automatic;
						TestTargetID = D9D85A492069E52000F65246;
					};
				};
			};
			buildConfigurationList = D9D85A452069E52000F65246 /* Build configuration list for PBXProject "ChoiceLove" */;
			compatibilityVersion = "Xcode 8.0";
			developmentRegion = en;
			hasScannedForEncodings = 0;
			knownRegions = (
				en,
				Base,
			);
			mainGroup = D9D85A412069E52000F65246;
			productRefGroup = D9D85A4B2069E52000F65246 /* Products */;
			projectDirPath = "";
			projectRoot = "";
			targets = (
				D9D85A492069E52000F65246 /* ChoiceLove */,
				D9D85A5D2069E52000F65246 /* ChoiceLoveTests */,
				D9D85A682069E52000F65246 /* ChoiceLoveUITests */,
			);
		};
/* End PBXProject section */

/* Begin PBXResourcesBuildPhase section */
		D9D85A482069E52000F65246 /* Resources */ = {
			isa = PBXResourcesBuildPhase;
			buildActionMask = 2147483647;
			files = (
				D9D85A582069E52000F65246 /* LaunchScreen.storyboard in Resources */,
				D9D85A552069E52000F65246 /* Assets.xcassets in Resources */,
				D9D85A532069E52000F65246 /* Main.storyboard in Resources */,
			);
			runOnlyForDeploymentPostprocessing = 0;
		};
		D9D85A5C2069E52000F65246 /* Resources */ = {
			isa = PBXResourcesBuildPhase;
			buildActionMask = 2147483647;
			files = (
			);
			runOnlyForDeploymentPostprocessing = 0;
		};
		D9D85A672069E52000F65246 /* Resources */ = {
			isa = PBXResourcesBuildPhase;
			buildActionMask = 2147483647;
			files = (
			);
			runOnlyForDeploymentPostprocessing = 0;
		};
/* End PBXResourcesBuildPhase section */

/* Begin PBXSourcesBuildPhase section */
		D9D85A462069E52000F65246 /* Sources */ = {
			isa = PBXSourcesBuildPhase;
			buildActionMask = 2147483647;
			files = (
				D9D85A7E2069E6F800F65246 /* ChoiceViewController.swift in Sources */,
				D9D85A502069E52000F65246 /* ViewController.swift in Sources */,
				D9D85A4E2069E52000F65246 /* AppDelegate.swift in Sources */,
			);
			runOnlyForDeploymentPostprocessing = 0;
		};
		D9D85A5A2069E52000F65246 /* Sources */ = {
			isa = PBXSourcesBuildPhase;
			buildActionMask = 2147483647;
			files = (
				D9D85A632069E52000F65246 /* ChoiceLoveTests.swift in Sources */,
			);
			runOnlyForDeploymentPostprocessing = 0;
		};
		D9D85A652069E52000F65246 /* Sources */ = {
			isa = PBXSourcesBuildPhase;
			buildActionMask = 2147483647;
			files = (
				D9D85A6E2069E52000F65246 /* ChoiceLoveUITests.swift in Sources */,
			);
			runOnlyForDeploymentPostprocessing = 0;
		};
/* End PBXSourcesBuildPhase section */

/* Begin PBXTargetDependency section */
		D9D85A602069E52000F65246 /* PBXTargetDependency */ = {
			isa = PBXTargetDependency;
			target = D9D85A492069E52000F65246 /* ChoiceLove */;
			targetProxy = D9D85A5F2069E52000F65246 /* PBXContainerItemProxy */;
		};
		D9D85A6B2069E52000F65246 /* PBXTargetDependency */ = {
			isa = PBXTargetDependency;
			target = D9D85A492069E52000F65246 /* ChoiceLove */;
			targetProxy = D9D85A6A2069E52000F65246 /* PBXContainerItemProxy */;
		};
/* End PBXTargetDependency section */

/* Begin PBXVariantGroup section */
		D9D85A512069E52000F65246 /* Main.storyboard */ = {
			isa = PBXVariantGroup;
			children = (
				D9D85A522069E52000F65246 /* Base */,
			);
			name = Main.storyboard;
			sourceTree = "<group>";
		};
		D9D85A562069E52000F65246 /* LaunchScreen.storyboard */ = {
			isa = PBXVariantGroup;
			children = (
				D9D85A572069E52000F65246 /* Base */,
			);
			name = LaunchScreen.storyboard;
			sourceTree = "<group>";
		};
/* End PBXVariantGroup section */

/* Begin XCBuildConfiguration section */
		D9D85A702069E52000F65246 /* Debug */ = {
			isa = XCBuildConfiguration;
			buildSettings = {
				ALWAYS_SEARCH_USER_PATHS = NO;
				CLANG_ANALYZER_NONNULL = YES;
				CLANG_ANALYZER_NUMBER_OBJECT_CONVERSION = YES_AGGRESSIVE;
				CLANG_CXX_LANGUAGE_STANDARD = "gnu++14";
				CLANG_CXX_LIBRARY = "libc++";
				CLANG_ENABLE_MODULES = YES;
				CLANG_ENABLE_OBJC_ARC = YES;
				CLANG_WARN_BLOCK_CAPTURE_AUTORELEASING = YES;
				CLANG_WARN_BOOL_CONVERSION = YES;
				CLANG_WARN_COMMA = YES;
				CLANG_WARN_CONSTANT_CONVERSION = YES;
				CLANG_WARN_DIRECT_OBJC_ISA_USAGE = YES_ERROR;
				CLANG_WARN_DOCUMENTATION_COMMENTS = YES;
				CLANG_WARN_EMPTY_BODY = YES;
				CLANG_WARN_ENUM_CONVERSION = YES;
				CLANG_WARN_INFINITE_RECURSION = YES;
				CLANG_WARN_INT_CONVERSION = YES;
				CLANG_WARN_NON_LITERAL_NULL_CONVERSION = YES;
				CLANG_WARN_OBJC_LITERAL_CONVERSION = YES;
				CLANG_WARN_OBJC_ROOT_CLASS = YES_ERROR;
				CLANG_WARN_RANGE_LOOP_ANALYSIS = YES;
				CLANG_WARN_STRICT_PROTOTYPES = YES;
				CLANG_WARN_SUSPICIOUS_MOVE = YES;
				CLANG_WARN_UNGUARDED_AVAILABILITY = YES_AGGRESSIVE;
				CLANG_WARN_UNREACHABLE_CODE = YES;
				CLANG_WARN__DUPLICATE_METHOD_MATCH = YES;
				CODE_SIGN_IDENTITY = "iPhone Developer";
				COPY_PHASE_STRIP = NO;
				DEBUG_INFORMATION_FORMAT = dwarf;
				ENABLE_STRICT_OBJC_MSGSEND = YES;
				ENABLE_TESTABILITY = YES;
				GCC_C_LANGUAGE_STANDARD = gnu11;
				GCC_DYNAMIC_NO_PIC = NO;
				GCC_NO_COMMON_BLOCKS = YES;
				GCC_OPTIMIZATION_LEVEL = 0;
				GCC_PREPROCESSOR_DEFINITIONS = (
					"DEBUG=1",
					"$(inherited)",
				);
				GCC_WARN_64_TO_32_BIT_CONVERSION = YES;
				GCC_WARN_ABOUT_RETURN_TYPE = YES_ERROR;
				GCC_WARN_UNDECLARED_SELECTOR = YES;
				GCC_WARN_UNINITIALIZED_AUTOS = YES_AGGRESSIVE;
				GCC_WARN_UNUSED_FUNCTION = YES;
				GCC_WARN_UNUSED_VARIABLE = YES;
				IPHONEOS_DEPLOYMENT_TARGET = 11.2;
				MTL_ENABLE_DEBUG_INFO = YES;
				ONLY_ACTIVE_ARCH = YES;
				SDKROOT = iphoneos;
				SWIFT_ACTIVE_COMPILATION_CONDITIONS = DEBUG;
				SWIFT_OPTIMIZATION_LEVEL = "-Onone";
			};
			name = Debug;
		};
		D9D85A712069E52000F65246 /* Release */ = {
			isa = XCBuildConfiguration;
			buildSettings = {
				ALWAYS_SEARCH_USER_PATHS = NO;
				CLANG_ANALYZER_NONNULL = YES;
				CLANG_ANALYZER_NUMBER_OBJECT_CONVERSION = YES_AGGRESSIVE;
				CLANG_CXX_LANGUAGE_STANDARD = "gnu++14";
				CLANG_CXX_LIBRARY = "libc++";
				CLANG_ENABLE_MODULES = YES;
				CLANG_ENABLE_OBJC_ARC = YES;
				CLANG_WARN_BLOCK_CAPTURE_AUTORELEASING = YES;
				CLANG_WARN_BOOL_CONVERSION = YES;
				CLANG_WARN_COMMA = YES;
				CLANG_WARN_CONSTANT_CONVERSION = YES;
				CLANG_WARN_DIRECT_OBJC_ISA_USAGE = YES_ERROR;
				CLANG_WARN_DOCUMENTATION_COMMENTS = YES;
				CLANG_WARN_EMPTY_BODY = YES;
				CLANG_WARN_ENUM_CONVERSION = YES;
				CLANG_WARN_INFINITE_RECURSION = YES;
				CLANG_WARN_INT_CONVERSION = YES;
				CLANG_WARN_NON_LITERAL_NULL_CONVERSION = YES;
				CLANG_WARN_OBJC_LITERAL_CONVERSION = YES;
				CLANG_WARN_OBJC_ROOT_CLASS = YES_ERROR;
				CLANG_WARN_RANGE_LOOP_ANALYSIS = YES;
				CLANG_WARN_STRICT_PROTOTYPES = YES;
				CLANG_WARN_SUSPICIOUS_MOVE = YES;
				CLANG_WARN_UNGUARDED_AVAILABILITY = YES_AGGRESSIVE;
				CLANG_WARN_UNREACHABLE_CODE = YES;
				CLANG_WARN__DUPLICATE_METHOD_MATCH = YES;
				CODE_SIGN_IDENTITY = "iPhone Developer";
				COPY_PHASE_STRIP = NO;
				DEBUG_INFORMATION_FORMAT = "dwarf-with-dsym";
				ENABLE_NS_ASSERTIONS = NO;
				ENABLE_STRICT_OBJC_MSGSEND = YES;
				GCC_C_LANGUAGE_STANDARD = gnu11;
				GCC_NO_COMMON_BLOCKS = YES;
				GCC_WARN_64_TO_32_BIT_CONVERSION = YES;
				GCC_WARN_ABOUT_RETURN_TYPE = YES_ERROR;
				GCC_WARN_UNDECLARED_SELECTOR = YES;
				GCC_WARN_UNINITIALIZED_AUTOS = YES_AGGRESSIVE;
				GCC_WARN_UNUSED_FUNCTION = YES;
				GCC_WARN_UNUSED_VARIABLE = YES;
				IPHONEOS_DEPLOYMENT_TARGET = 11.2;
				MTL_ENABLE_DEBUG_INFO = NO;
				SDKROOT = iphoneos;
				SWIFT_OPTIMIZATION_LEVEL = "-Owholemodule";
				VALIDATE_PRODUCT = YES;
			};
			name = Release;
		};
		D9D85A732069E52000F65246 /* Debug */ = {
			isa = XCBuildConfiguration;
			buildSettings = {
				ASSETCATALOG_COMPILER_APPICON_NAME = AppIcon;
				CODE_SIGN_STYLE = Automatic;
				INFOPLIST_FILE = ChoiceLove/Info.plist;
				LD_RUNPATH_SEARCH_PATHS = "$(inherited) @executable_path/Frameworks";
				PRODUCT_BUNDLE_IDENTIFIER = com.calvin.ChoiceLove;
				PRODUCT_NAME = "$(TARGET_NAME)";
				SWIFT_VERSION = 4.0;
				TARGETED_DEVICE_FAMILY = "1,2";
			};
			name = Debug;
		};
		D9D85A742069E52000F65246 /* Release */ = {
			isa = XCBuildConfiguration;
			buildSettings = {
				ASSETCATALOG_COMPILER_APPICON_NAME = AppIcon;
				CODE_SIGN_STYLE = Automatic;
				INFOPLIST_FILE = ChoiceLove/Info.plist;
				LD_RUNPATH_SEARCH_PATHS = "$(inherited) @executable_path/Frameworks";
				PRODUCT_BUNDLE_IDENTIFIER = com.calvin.ChoiceLove;
				PRODUCT_NAME = "$(TARGET_NAME)";
				SWIFT_VERSION = 4.0;
				TARGETED_DEVICE_FAMILY = "1,2";
			};
			name = Release;
		};
		D9D85A762069E52000F65246 /* Debug */ = {
			isa = XCBuildConfiguration;
			buildSettings = {
				ALWAYS_EMBED_SWIFT_STANDARD_LIBRARIES = YES;
				BUNDLE_LOADER = "$(TEST_HOST)";
				CODE_SIGN_STYLE = Automatic;
				INFOPLIST_FILE = ChoiceLoveTests/Info.plist;
				LD_RUNPATH_SEARCH_PATHS = "$(inherited) @executable_path/Frameworks @loader_path/Frameworks";
				PRODUCT_BUNDLE_IDENTIFIER = com.calvin.ChoiceLoveTests;
				PRODUCT_NAME = "$(TARGET_NAME)";
				SWIFT_VERSION = 4.0;
				TARGETED_DEVICE_FAMILY = "1,2";
				TEST_HOST = "$(BUILT_PRODUCTS_DIR)/ChoiceLove.app/ChoiceLove";
			};
			name = Debug;
		};
		D9D85A772069E52000F65246 /* Release */ = {
			isa = XCBuildConfiguration;
			buildSettings = {
				ALWAYS_EMBED_SWIFT_STANDARD_LIBRARIES = YES;
				BUNDLE_LOADER = "$(TEST_HOST)";
				CODE_SIGN_STYLE = Automatic;
				INFOPLIST_FILE = ChoiceLoveTests/Info.plist;
				LD_RUNPATH_SEARCH_PATHS = "$(inherited) @executable_path/Frameworks @loader_path/Frameworks";
				PRODUCT_BUNDLE_IDENTIFIER = com.calvin.ChoiceLoveTests;
				PRODUCT_NAME = "$(TARGET_NAME)";
				SWIFT_VERSION = 4.0;
				TARGETED_DEVICE_FAMILY = "1,2";
				TEST_HOST = "$(BUILT_PRODUCTS_DIR)/ChoiceLove.app/ChoiceLove";
			};
			name = Release;
		};
		D9D85A792069E52000F65246 /* Debug */ = {
			isa = XCBuildConfiguration;
			buildSettings = {
				ALWAYS_EMBED_SWIFT_STANDARD_LIBRARIES = YES;
				CODE_SIGN_STYLE = Automatic;
				INFOPLIST_FILE = ChoiceLoveUITests/Info.plist;
				LD_RUNPATH_SEARCH_PATHS = "$(inherited) @executable_path/Frameworks @loader_path/Frameworks";
				PRODUCT_BUNDLE_IDENTIFIER = com.calvin.ChoiceLoveUITests;
				PRODUCT_NAME = "$(TARGET_NAME)";
				SWIFT_VERSION = 4.0;
				TARGETED_DEVICE_FAMILY = "1,2";
				TEST_TARGET_NAME = ChoiceLove;
			};
			name = Debug;
		};
		D9D85A7A2069E52000F65246 /* Release */ = {
			isa = XCBuildConfiguration;
			buildSettings = {
				ALWAYS_EMBED_SWIFT_STANDARD_LIBRARIES = YES;
				CODE_SIGN_STYLE = Automatic;
				INFOPLIST_FILE = ChoiceLoveUITests/Info.plist;
				LD_RUNPATH_SEARCH_PATHS = "$(inherited) @executable_path/Frameworks @loader_path/Frameworks";
				PRODUCT_BUNDLE_IDENTIFIER = com.calvin.ChoiceLoveUITests;
				PRODUCT_NAME = "$(TARGET_NAME)";
				SWIFT_VERSION = 4.0;
				TARGETED_DEVICE_FAMILY = "1,2";
				TEST_TARGET_NAME = ChoiceLove;
			};
			name = Release;
		};
/* End XCBuildConfiguration section */

/* Begin XCConfigurationList section */
		D9D85A452069E52000F65246 /* Build configuration list for PBXProject "ChoiceLove" */ = {
			isa = XCConfigurationList;
			buildConfigurations = (
				D9D85A702069E52000F65246 /* Debug */,
				D9D85A712069E52000F65246 /* Release */,
			);
			defaultConfigurationIsVisible = 0;
			defaultConfigurationName = Release;
		};
		D9D85A722069E52000F65246 /* Build configuration list for PBXNativeTarget "ChoiceLove" */ = {
			isa = XCConfigurationList;
			buildConfigurations = (
				D9D85A732069E52000F65246 /* Debug */,
				D9D85A742069E52000F65246 /* Release */,
			);
			defaultConfigurationIsVisible = 0;
			defaultConfigurationName = Release;
		};
		D9D85A752069E52000F65246 /* Build configuration list for PBXNativeTarget "ChoiceLoveTests" */ = {
			isa = XCConfigurationList;
			buildConfigurations = (
				D9D85A762069E52000F65246 /* Debug */,
				D9D85A772069E52000F65246 /* Release */,
			);
			defaultConfigurationIsVisible = 0;
			defaultConfigurationName = Release;
		};
		D9D85A782069E52000F65246 /* Build configuration list for PBXNativeTarget "ChoiceLoveUITests" */ = {
			isa = XCConfigurationList;
			buildConfigurations = (
				D9D85A792069E52000F65246 /* Debug */,
				D9D85A7A2069E52000F65246 /* Release */,
			);
			defaultConfigurationIsVisible = 0;
			defaultConfigurationName = Release;
		};
/* End XCConfigurationList section */
	};
	rootObject = D9D85A422069E52000F65246 /* Project object */;
}
